// !$*UTF8*$!
{
	archiveVersion = 1;
	classes = {
	};
	objectVersion = 48;
	objects = {

/* Begin PBXBuildFile section */
		840FC0BA204B448C00C4EE30 /* AppDelegate.swift in Sources */ = {isa = PBXBuildFile; fileRef = 840FC0B9204B448C00C4EE30 /* AppDelegate.swift */; };
		840FC0BC204B448C00C4EE30 /* ViewController.swift in Sources */ = {isa = PBXBuildFile; fileRef = 840FC0BB204B448C00C4EE30 /* ViewController.swift */; };
		840FC0BF204B448C00C4EE30 /* Main.storyboard in Resources */ = {isa = PBXBuildFile; fileRef = 840FC0BD204B448C00C4EE30 /* Main.storyboard */; };
		840FC0C1204B448C00C4EE30 /* Assets.xcassets in Resources */ = {isa = PBXBuildFile; fileRef = 840FC0C0204B448C00C4EE30 /* Assets.xcassets */; };
		840FC0C4204B448C00C4EE30 /* LaunchScreen.storyboard in Resources */ = {isa = PBXBuildFile; fileRef = 840FC0C2204B448C00C4EE30 /* LaunchScreen.storyboard */; };
		840FC0CD204B4AEA00C4EE30 /* TableViewCell.swift in Sources */ = {isa = PBXBuildFile; fileRef = 840FC0CB204B4AEA00C4EE30 /* TableViewCell.swift */; };
		840FC0CE204B4AEA00C4EE30 /* TableViewCell.xib in Resources */ = {isa = PBXBuildFile; fileRef = 840FC0CC204B4AEA00C4EE30 /* TableViewCell.xib */; };
		840FC0D0204B515500C4EE30 /* RequestManager.swift in Sources */ = {isa = PBXBuildFile; fileRef = 840FC0CF204B515500C4EE30 /* RequestManager.swift */; };
		840FC0D2204B525A00C4EE30 /* Place.swift in Sources */ = {isa = PBXBuildFile; fileRef = 840FC0D1204B525A00C4EE30 /* Place.swift */; };
		8438F87F204DE426008894A3 /* Protocols.swift in Sources */ = {isa = PBXBuildFile; fileRef = 8438F87E204DE426008894A3 /* Protocols.swift */; };
		846066D4204C9F4900E71EA4 /* MapsViewController.swift in Sources */ = {isa = PBXBuildFile; fileRef = 846066D3204C9F4900E71EA4 /* MapsViewController.swift */; };
		FE1A7AAF0B8A69B8AF0F34DE /* Pods_VolpisTestProject.framework in Frameworks */ = {isa = PBXBuildFile; fileRef = 5E4BAC6E7355FA0201287029 /* Pods_VolpisTestProject.framework */; };
/* End PBXBuildFile section */

/* Begin PBXFileReference section */
		1D24DAA4BDEADE86259CCD78 /* Pods-VolpisTestProject.debug.xcconfig */ = {isa = PBXFileReference; includeInIndex = 1; lastKnownFileType = text.xcconfig; name = "Pods-VolpisTestProject.debug.xcconfig"; path = "Pods/Target Support Files/Pods-VolpisTestProject/Pods-VolpisTestProject.debug.xcconfig"; sourceTree = "<group>"; };
		5E4BAC6E7355FA0201287029 /* Pods_VolpisTestProject.framework */ = {isa = PBXFileReference; explicitFileType = wrapper.framework; includeInIndex = 0; path = Pods_VolpisTestProject.framework; sourceTree = BUILT_PRODUCTS_DIR; };
		840FC0B6204B448C00C4EE30 /* VolpisTestProject.app */ = {isa = PBXFileReference; explicitFileType = wrapper.application; includeInIndex = 0; path = VolpisTestProject.app; sourceTree = BUILT_PRODUCTS_DIR; };
		840FC0B9204B448C00C4EE30 /* AppDelegate.swift */ = {isa = PBXFileReference; lastKnownFileType = sourcecode.swift; path = AppDelegate.swift; sourceTree = "<group>"; };
		840FC0BB204B448C00C4EE30 /* ViewController.swift */ = {isa = PBXFileReference; lastKnownFileType = sourcecode.swift; path = ViewController.swift; sourceTree = "<group>"; };
		840FC0BE204B448C00C4EE30 /* Base */ = {isa = PBXFileReference; lastKnownFileType = file.storyboard; name = Base; path = Base.lproj/Main.storyboard; sourceTree = "<group>"; };
		840FC0C0204B448C00C4EE30 /* Assets.xcassets */ = {isa = PBXFileReference; lastKnownFileType = folder.assetcatalog; path = Assets.xcassets; sourceTree = "<group>"; };
		840FC0C3204B448C00C4EE30 /* Base */ = {isa = PBXFileReference; lastKnownFileType = file.storyboard; name = Base; path = Base.lproj/LaunchScreen.storyboard; sourceTree = "<group>"; };
		840FC0C5204B448C00C4EE30 /* Info.plist */ = {isa = PBXFileReference; lastKnownFileType = text.plist.xml; path = Info.plist; sourceTree = "<group>"; };
		840FC0CB204B4AEA00C4EE30 /* TableViewCell.swift */ = {isa = PBXFileReference; lastKnownFileType = sourcecode.swift; path = TableViewCell.swift; sourceTree = "<group>"; };
		840FC0CC204B4AEA00C4EE30 /* TableViewCell.xib */ = {isa = PBXFileReference; lastKnownFileType = file.xib; path = TableViewCell.xib; sourceTree = "<group>"; };
		840FC0CF204B515500C4EE30 /* RequestManager.swift */ = {isa = PBXFileReference; lastKnownFileType = sourcecode.swift; path = RequestManager.swift; sourceTree = "<group>"; };
		840FC0D1204B525A00C4EE30 /* Place.swift */ = {isa = PBXFileReference; lastKnownFileType = sourcecode.swift; path = Place.swift; sourceTree = "<group>"; };
		8438F87E204DE426008894A3 /* Protocols.swift */ = {isa = PBXFileReference; lastKnownFileType = sourcecode.swift; path = Protocols.swift; sourceTree = "<group>"; };
		846066D3204C9F4900E71EA4 /* MapsViewController.swift */ = {isa = PBXFileReference; lastKnownFileType = sourcecode.swift; path = MapsViewController.swift; sourceTree = "<group>"; };
		EE715DADCFAF822D2BDBA3C4 /* Pods-VolpisTestProject.release.xcconfig */ = {isa = PBXFileReference; includeInIndex = 1; lastKnownFileType = text.xcconfig; name = "Pods-VolpisTestProject.release.xcconfig"; path = "Pods/Target Support Files/Pods-VolpisTestProject/Pods-VolpisTestProject.release.xcconfig"; sourceTree = "<group>"; };
/* End PBXFileReference section */

/* Begin PBXFrameworksBuildPhase section */
		840FC0B3204B448C00C4EE30 /* Frameworks */ = {
			isa = PBXFrameworksBuildPhase;
			buildActionMask = 2147483647;
			files = (
				FE1A7AAF0B8A69B8AF0F34DE /* Pods_VolpisTestProject.framework in Frameworks */,
			);
			runOnlyForDeploymentPostprocessing = 0;
		};
/* End PBXFrameworksBuildPhase section */

/* Begin PBXGroup section */
		618FDC54F9F04C53CDF9B0FA /* Pods */ = {
			isa = PBXGroup;
			children = (
				1D24DAA4BDEADE86259CCD78 /* Pods-VolpisTestProject.debug.xcconfig */,
				EE715DADCFAF822D2BDBA3C4 /* Pods-VolpisTestProject.release.xcconfig */,
			);
			name = Pods;
			sourceTree = "<group>";
		};
		840FC0AD204B448C00C4EE30 = {
			isa = PBXGroup;
			children = (
				840FC0B8204B448C00C4EE30 /* VolpisTestProject */,
				840FC0B7204B448C00C4EE30 /* Products */,
				618FDC54F9F04C53CDF9B0FA /* Pods */,
				E1DB0B3A732F18E9343445B0 /* Frameworks */,
			);
			sourceTree = "<group>";
		};
		840FC0B7204B448C00C4EE30 /* Products */ = {
			isa = PBXGroup;
			children = (
				840FC0B6204B448C00C4EE30 /* VolpisTestProject.app */,
			);
			name = Products;
			sourceTree = "<group>";
		};
		840FC0B8204B448C00C4EE30 /* VolpisTestProject */ = {
			isa = PBXGroup;
			children = (
				840FC0B9204B448C00C4EE30 /* AppDelegate.swift */,
				840FC0BB204B448C00C4EE30 /* ViewController.swift */,
				846066D3204C9F4900E71EA4 /* MapsViewController.swift */,
				840FC0D1204B525A00C4EE30 /* Place.swift */,
				840FC0CF204B515500C4EE30 /* RequestManager.swift */,
				840FC0BD204B448C00C4EE30 /* Main.storyboard */,
				840FC0CB204B4AEA00C4EE30 /* TableViewCell.swift */,
				8438F87E204DE426008894A3 /* Protocols.swift */,
				840FC0CC204B4AEA00C4EE30 /* TableViewCell.xib */,
				840FC0C0204B448C00C4EE30 /* Assets.xcassets */,
				840FC0C2204B448C00C4EE30 /* LaunchScreen.storyboard */,
				840FC0C5204B448C00C4EE30 /* Info.plist */,
			);
			path = VolpisTestProject;
			sourceTree = "<group>";
		};
		E1DB0B3A732F18E9343445B0 /* Frameworks */ = {
			isa = PBXGroup;
			children = (
				5E4BAC6E7355FA0201287029 /* Pods_VolpisTestProject.framework */,
			);
			name = Frameworks;
			sourceTree = "<group>";
		};
/* End PBXGroup section */

/* Begin PBXNativeTarget section */
		840FC0B5204B448C00C4EE30 /* VolpisTestProject */ = {
			isa = PBXNativeTarget;
			buildConfigurationList = 840FC0C8204B448C00C4EE30 /* Build configuration list for PBXNativeTarget "VolpisTestProject" */;
			buildPhases = (
				0A92D07157E3886AE7BD6480 /* [CP] Check Pods Manifest.lock */,
				840FC0B2204B448C00C4EE30 /* Sources */,
				840FC0B3204B448C00C4EE30 /* Frameworks */,
				840FC0B4204B448C00C4EE30 /* Resources */,
				74F8440CA9BBC315681822DF /* [CP] Embed Pods Frameworks */,
				DCAC1D9C5D65C3F4859A6C01 /* [CP] Copy Pods Resources */,
			);
			buildRules = (
			);
			dependencies = (
			);
			name = VolpisTestProject;
			productName = VolpisTestProject;
			productReference = 840FC0B6204B448C00C4EE30 /* VolpisTestProject.app */;
			productType = "com.apple.product-type.application";
		};
/* End PBXNativeTarget section */

/* Begin PBXProject section */
		840FC0AE204B448C00C4EE30 /* Project object */ = {
			isa = PBXProject;
			attributes = {
				LastSwiftUpdateCheck = 0910;
				LastUpgradeCheck = 0910;
				ORGANIZATIONNAME = Admin;
				TargetAttributes = {
					840FC0B5204B448C00C4EE30 = {
						CreatedOnToolsVersion = 9.1;
						ProvisioningStyle = Automatic;
					};
				};
			};
			buildConfigurationList = 840FC0B1204B448C00C4EE30 /* Build configuration list for PBXProject "VolpisTestProject" */;
			compatibilityVersion = "Xcode 8.0";
			developmentRegion = en;
			hasScannedForEncodings = 0;
			knownRegions = (
				en,
				Base,
			);
			mainGroup = 840FC0AD204B448C00C4EE30;
			productRefGroup = 840FC0B7204B448C00C4EE30 /* Products */;
			projectDirPath = "";
			projectRoot = "";
			targets = (
				840FC0B5204B448C00C4EE30 /* VolpisTestProject */,
			);
		};
/* End PBXProject section */

/* Begin PBXResourcesBuildPhase section */
		840FC0B4204B448C00C4EE30 /* Resources */ = {
			isa = PBXResourcesBuildPhase;
			buildActionMask = 2147483647;
			files = (
				840FC0C4204B448C00C4EE30 /* LaunchScreen.storyboard in Resources */,
				840FC0CE204B4AEA00C4EE30 /* TableViewCell.xib in Resources */,
				840FC0C1204B448C00C4EE30 /* Assets.xcassets in Resources */,
				840FC0BF204B448C00C4EE30 /* Main.storyboard in Resources */,
			);
			runOnlyForDeploymentPostprocessing = 0;
		};
/* End PBXResourcesBuildPhase section */

/* Begin PBXShellScriptBuildPhase section */
		0A92D07157E3886AE7BD6480 /* [CP] Check Pods Manifest.lock */ = {
			isa = PBXShellScriptBuildPhase;
			buildActionMask = 2147483647;
			files = (
			);
			inputPaths = (
				"${PODS_PODFILE_DIR_PATH}/Podfile.lock",
				"${PODS_ROOT}/Manifest.lock",
			);
			name = "[CP] Check Pods Manifest.lock";
			outputPaths = (
				"$(DERIVED_FILE_DIR)/Pods-VolpisTestProject-checkManifestLockResult.txt",
			);
			runOnlyForDeploymentPostprocessing = 0;
			shellPath = /bin/sh;
			shellScript = "diff \"${PODS_PODFILE_DIR_PATH}/Podfile.lock\" \"${PODS_ROOT}/Manifest.lock\" > /dev/null\nif [ $? != 0 ] ; then\n    # print error to STDERR\n    echo \"error: The sandbox is not in sync with the Podfile.lock. Run 'pod install' or update your CocoaPods installation.\" >&2\n    exit 1\nfi\n# This output is used by Xcode 'outputs' to avoid re-running this script phase.\necho \"SUCCESS\" > \"${SCRIPT_OUTPUT_FILE_0}\"\n";
			showEnvVarsInLog = 0;
		};
		74F8440CA9BBC315681822DF /* [CP] Embed Pods Frameworks */ = {
			isa = PBXShellScriptBuildPhase;
			buildActionMask = 2147483647;
			files = (
			);
			inputPaths = (
				"${SRCROOT}/Pods/Target Support Files/Pods-VolpisTestProject/Pods-VolpisTestProject-frameworks.sh",
				"${BUILT_PRODUCTS_DIR}/Alamofire/Alamofire.framework",
				"${BUILT_PRODUCTS_DIR}/SwiftyJSON/SwiftyJSON.framework",
			);
			name = "[CP] Embed Pods Frameworks";
			outputPaths = (
				"${TARGET_BUILD_DIR}/${FRAMEWORKS_FOLDER_PATH}/Alamofire.framework",
				"${TARGET_BUILD_DIR}/${FRAMEWORKS_FOLDER_PATH}/SwiftyJSON.framework",
			);
			runOnlyForDeploymentPostprocessing = 0;
			shellPath = /bin/sh;
			shellScript = "\"${SRCROOT}/Pods/Target Support Files/Pods-VolpisTestProject/Pods-VolpisTestProject-frameworks.sh\"\n";
			showEnvVarsInLog = 0;
		};
		DCAC1D9C5D65C3F4859A6C01 /* [CP] Copy Pods Resources */ = {
			isa = PBXShellScriptBuildPhase;
			buildActionMask = 2147483647;
			files = (
			);
			inputPaths = (
				"${SRCROOT}/Pods/Target Support Files/Pods-VolpisTestProject/Pods-VolpisTestProject-resources.sh",
				"${PODS_ROOT}/GoogleMaps/Maps/Frameworks/GoogleMaps.framework/Resources/GoogleMaps.bundle",
				"${PODS_ROOT}/GooglePlaces/Frameworks/GooglePlaces.framework/Resources/GooglePlaces.bundle",
			);
			name = "[CP] Copy Pods Resources";
			outputPaths = (
				"${TARGET_BUILD_DIR}/${UNLOCALIZED_RESOURCES_FOLDER_PATH}",
			);
			runOnlyForDeploymentPostprocessing = 0;
			shellPath = /bin/sh;
			shellScript = "\"${SRCROOT}/Pods/Target Support Files/Pods-VolpisTestProject/Pods-VolpisTestProject-resources.sh\"\n";
			showEnvVarsInLog = 0;
		};
/* End PBXShellScriptBuildPhase section */

/* Begin PBXSourcesBuildPhase section */
		840FC0B2204B448C00C4EE30 /* Sources */ = {
			isa = PBXSourcesBuildPhase;
			buildActionMask = 2147483647;
			files = (
				840FC0CD204B4AEA00C4EE30 /* TableViewCell.swift in Sources */,
				840FC0BC204B448C00C4EE30 /* ViewController.swift in Sources */,
				8438F87F204DE426008894A3 /* Protocols.swift in Sources */,
				840FC0BA204B448C00C4EE30 /* AppDelegate.swift in Sources */,
				846066D4204C9F4900E71EA4 /* MapsViewController.swift in Sources */,
				840FC0D0204B515500C4EE30 /* RequestManager.swift in Sources */,
				840FC0D2204B525A00C4EE30 /* Place.swift in Sources */,
			);
			runOnlyForDeploymentPostprocessing = 0;
		};
/* End PBXSourcesBuildPhase section */

/* Begin PBXVariantGroup section */
		840FC0BD204B448C00C4EE30 /* Main.storyboard */ = {
			isa = PBXVariantGroup;
			children = (
				840FC0BE204B448C00C4EE30 /* Base */,
			);
			name = Main.storyboard;
			sourceTree = "<group>";
		};
		840FC0C2204B448C00C4EE30 /* LaunchScreen.storyboard */ = {
			isa = PBXVariantGroup;
			children = (
				840FC0C3204B448C00C4EE30 /* Base */,
			);
			name = LaunchScreen.storyboard;
			sourceTree = "<group>";
		};
/* End PBXVariantGroup section */

/* Begin XCBuildConfiguration section */
		840FC0C6204B448C00C4EE30 /* Debug */ = {
			isa = XCBuildConfiguration;
			buildSettings = {
				ALWAYS_SEARCH_USER_PATHS = NO;
				CLANG_ANALYZER_NONNULL = YES;
				CLANG_ANALYZER_NUMBER_OBJECT_CONVERSION = YES_AGGRESSIVE;
				CLANG_CXX_LANGUAGE_STANDARD = "gnu++14";
				CLANG_CXX_LIBRARY = "libc++";
				CLANG_ENABLE_MODULES = YES;
				CLANG_ENABLE_OBJC_ARC = YES;
				CLANG_WARN_BLOCK_CAPTURE_AUTORELEASING = YES;
				CLANG_WARN_BOOL_CONVERSION = YES;
				CLANG_WARN_COMMA = YES;
				CLANG_WARN_CONSTANT_CONVERSION = YES;
				CLANG_WARN_DIRECT_OBJC_ISA_USAGE = YES_ERROR;
				CLANG_WARN_DOCUMENTATION_COMMENTS = YES;
				CLANG_WARN_EMPTY_BODY = YES;
				CLANG_WARN_ENUM_CONVERSION = YES;
				CLANG_WARN_INFINITE_RECURSION = YES;
				CLANG_WARN_INT_CONVERSION = YES;
				CLANG_WARN_NON_LITERAL_NULL_CONVERSION = YES;
				CLANG_WARN_OBJC_LITERAL_CONVERSION = YES;
				CLANG_WARN_OBJC_ROOT_CLASS = YES_ERROR;
				CLANG_WARN_RANGE_LOOP_ANALYSIS = YES;
				CLANG_WARN_STRICT_PROTOTYPES = YES;
				CLANG_WARN_SUSPICIOUS_MOVE = YES;
				CLANG_WARN_UNGUARDED_AVAILABILITY = YES_AGGRESSIVE;
				CLANG_WARN_UNREACHABLE_CODE = YES;
				CLANG_WARN__DUPLICATE_METHOD_MATCH = YES;
				CODE_SIGN_IDENTITY = "iPhone Developer";
				COPY_PHASE_STRIP = NO;
				DEBUG_INFORMATION_FORMAT = dwarf;
				ENABLE_STRICT_OBJC_MSGSEND = YES;
				ENABLE_TESTABILITY = YES;
				GCC_C_LANGUAGE_STANDARD = gnu11;
				GCC_DYNAMIC_NO_PIC = NO;
				GCC_NO_COMMON_BLOCKS = YES;
				GCC_OPTIMIZATION_LEVEL = 0;
				GCC_PREPROCESSOR_DEFINITIONS = (
					"DEBUG=1",
					"$(inherited)",
				);
				GCC_WARN_64_TO_32_BIT_CONVERSION = YES;
				GCC_WARN_ABOUT_RETURN_TYPE = YES_ERROR;
				GCC_WARN_UNDECLARED_SELECTOR = YES;
				GCC_WARN_UNINITIALIZED_AUTOS = YES_AGGRESSIVE;
				GCC_WARN_UNUSED_FUNCTION = YES;
				GCC_WARN_UNUSED_VARIABLE = YES;
				IPHONEOS_DEPLOYMENT_TARGET = 11.1;
				MTL_ENABLE_DEBUG_INFO = YES;
				ONLY_ACTIVE_ARCH = YES;
				SDKROOT = iphoneos;
				SWIFT_ACTIVE_COMPILATION_CONDITIONS = DEBUG;
				SWIFT_OPTIMIZATION_LEVEL = "-Onone";
			};
			name = Debug;
		};
		840FC0C7204B448C00C4EE30 /* Release */ = {
			isa = XCBuildConfiguration;
			buildSettings = {
				ALWAYS_SEARCH_USER_PATHS = NO;
				CLANG_ANALYZER_NONNULL = YES;
				CLANG_ANALYZER_NUMBER_OBJECT_CONVERSION = YES_AGGRESSIVE;
				CLANG_CXX_LANGUAGE_STANDARD = "gnu++14";
				CLANG_CXX_LIBRARY = "libc++";
				CLANG_ENABLE_MODULES = YES;
				CLANG_ENABLE_OBJC_ARC = YES;
				CLANG_WARN_BLOCK_CAPTURE_AUTORELEASING = YES;
				CLANG_WARN_BOOL_CONVERSION = YES;
				CLANG_WARN_COMMA = YES;
				CLANG_WARN_CONSTANT_CONVERSION = YES;
				CLANG_WARN_DIRECT_OBJC_ISA_USAGE = YES_ERROR;
				CLANG_WARN_DOCUMENTATION_COMMENTS = YES;
				CLANG_WARN_EMPTY_BODY = YES;
				CLANG_WARN_ENUM_CONVERSION = YES;
				CLANG_WARN_INFINITE_RECURSION = YES;
				CLANG_WARN_INT_CONVERSION = YES;
				CLANG_WARN_NON_LITERAL_NULL_CONVERSION = YES;
				CLANG_WARN_OBJC_LITERAL_CONVERSION = YES;
				CLANG_WARN_OBJC_ROOT_CLASS = YES_ERROR;
				CLANG_WARN_RANGE_LOOP_ANALYSIS = YES;
				CLANG_WARN_STRICT_PROTOTYPES = YES;
				CLANG_WARN_SUSPICIOUS_MOVE = YES;
				CLANG_WARN_UNGUARDED_AVAILABILITY = YES_AGGRESSIVE;
				CLANG_WARN_UNREACHABLE_CODE = YES;
				CLANG_WARN__DUPLICATE_METHOD_MATCH = YES;
				CODE_SIGN_IDENTITY = "iPhone Developer";
				COPY_PHASE_STRIP = NO;
				DEBUG_INFORMATION_FORMAT = "dwarf-with-dsym";
				ENABLE_NS_ASSERTIONS = NO;
				ENABLE_STRICT_OBJC_MSGSEND = YES;
				GCC_C_LANGUAGE_STANDARD = gnu11;
				GCC_NO_COMMON_BLOCKS = YES;
				GCC_WARN_64_TO_32_BIT_CONVERSION = YES;
				GCC_WARN_ABOUT_RETURN_TYPE = YES_ERROR;
				GCC_WARN_UNDECLARED_SELECTOR = YES;
				GCC_WARN_UNINITIALIZED_AUTOS = YES_AGGRESSIVE;
				GCC_WARN_UNUSED_FUNCTION = YES;
				GCC_WARN_UNUSED_VARIABLE = YES;
				IPHONEOS_DEPLOYMENT_TARGET = 11.1;
				MTL_ENABLE_DEBUG_INFO = NO;
				SDKROOT = iphoneos;
				SWIFT_OPTIMIZATION_LEVEL = "-Owholemodule";
				VALIDATE_PRODUCT = YES;
			};
			name = Release;
		};
		840FC0C9204B448C00C4EE30 /* Debug */ = {
			isa = XCBuildConfiguration;
			baseConfigurationReference = 1D24DAA4BDEADE86259CCD78 /* Pods-VolpisTestProject.debug.xcconfig */;
			buildSettings = {
				ASSETCATALOG_COMPILER_APPICON_NAME = AppIcon;
				CODE_SIGN_STYLE = Automatic;
				DEVELOPMENT_TEAM = LDWUKS5K42;
				INFOPLIST_FILE = VolpisTestProject/Info.plist;
				LD_RUNPATH_SEARCH_PATHS = "$(inherited) @executable_path/Frameworks";
				PRODUCT_BUNDLE_IDENTIFIER = TestProject.VolpisTestProject;
				PRODUCT_NAME = "$(TARGET_NAME)";
				SWIFT_VERSION = 4.0;
				TARGETED_DEVICE_FAMILY = "1,2";
			};
			name = Debug;
		};
		840FC0CA204B448C00C4EE30 /* Release */ = {
			isa = XCBuildConfiguration;
			baseConfigurationReference = EE715DADCFAF822D2BDBA3C4 /* Pods-VolpisTestProject.release.xcconfig */;
			buildSettings = {
				ASSETCATALOG_COMPILER_APPICON_NAME = AppIcon;
				CODE_SIGN_STYLE = Automatic;
				DEVELOPMENT_TEAM = LDWUKS5K42;
				INFOPLIST_FILE = VolpisTestProject/Info.plist;
				LD_RUNPATH_SEARCH_PATHS = "$(inherited) @executable_path/Frameworks";
				PRODUCT_BUNDLE_IDENTIFIER = TestProject.VolpisTestProject;
				PRODUCT_NAME = "$(TARGET_NAME)";
				SWIFT_VERSION = 4.0;
				TARGETED_DEVICE_FAMILY = "1,2";
			};
			name = Release;
		};
/* End XCBuildConfiguration section */

/* Begin XCConfigurationList section */
		840FC0B1204B448C00C4EE30 /* Build configuration list for PBXProject "VolpisTestProject" */ = {
			isa = XCConfigurationList;
			buildConfigurations = (
				840FC0C6204B448C00C4EE30 /* Debug */,
				840FC0C7204B448C00C4EE30 /* Release */,
			);
			defaultConfigurationIsVisible = 0;
			defaultConfigurationName = Release;
		};
		840FC0C8204B448C00C4EE30 /* Build configuration list for PBXNativeTarget "VolpisTestProject" */ = {
			isa = XCConfigurationList;
			buildConfigurations = (
				840FC0C9204B448C00C4EE30 /* Debug */,
				840FC0CA204B448C00C4EE30 /* Release */,
			);
			defaultConfigurationIsVisible = 0;
			defaultConfigurationName = Release;
		};
/* End XCConfigurationList section */
	};
	rootObject = 840FC0AE204B448C00C4EE30 /* Project object */;
}
